// !$*UTF8*$!
{
	archiveVersion = 1;
	classes = {
	};
	objectVersion = 55;
	objects = {

/* Begin PBXBuildFile section */
		8E056E1B279B1DDB00A2EB4B /* GraphicAndAnimationSwiftUIApp.swift in Sources */ = {isa = PBXBuildFile; fileRef = 8E056E1A279B1DDB00A2EB4B /* GraphicAndAnimationSwiftUIApp.swift */; };
		8E056E1D279B1DDB00A2EB4B /* ContentView.swift in Sources */ = {isa = PBXBuildFile; fileRef = 8E056E1C279B1DDB00A2EB4B /* ContentView.swift */; };
		8E056E1F279B1DDC00A2EB4B /* Assets.xcassets in Resources */ = {isa = PBXBuildFile; fileRef = 8E056E1E279B1DDC00A2EB4B /* Assets.xcassets */; };
		8E056E22279B1DDC00A2EB4B /* Preview Assets.xcassets in Resources */ = {isa = PBXBuildFile; fileRef = 8E056E21279B1DDC00A2EB4B /* Preview Assets.xcassets */; };
		8E056E29279B1E1300A2EB4B /* PlayAnimationView.swift in Sources */ = {isa = PBXBuildFile; fileRef = 8E056E28279B1E1300A2EB4B /* PlayAnimationView.swift */; };
		8E056E2B279B1E3800A2EB4B /* ItemGraphicView.swift in Sources */ = {isa = PBXBuildFile; fileRef = 8E056E2A279B1E3800A2EB4B /* ItemGraphicView.swift */; };
/* End PBXBuildFile section */

/* Begin PBXFileReference section */
		8E056E17279B1DDB00A2EB4B /* GraphicAndAnimationSwiftUI.app */ = {isa = PBXFileReference; explicitFileType = wrapper.application; includeInIndex = 0; path = GraphicAndAnimationSwiftUI.app; sourceTree = BUILT_PRODUCTS_DIR; };
		8E056E1A279B1DDB00A2EB4B /* GraphicAndAnimationSwiftUIApp.swift */ = {isa = PBXFileReference; lastKnownFileType = sourcecode.swift; path = GraphicAndAnimationSwiftUIApp.swift; sourceTree = "<group>"; };
		8E056E1C279B1DDB00A2EB4B /* ContentView.swift */ = {isa = PBXFileReference; lastKnownFileType = sourcecode.swift; path = ContentView.swift; sourceTree = "<group>"; };
		8E056E1E279B1DDC00A2EB4B /* Assets.xcassets */ = {isa = PBXFileReference; lastKnownFileType = folder.assetcatalog; path = Assets.xcassets; sourceTree = "<group>"; };
		8E056E21279B1DDC00A2EB4B /* Preview Assets.xcassets */ = {isa = PBXFileReference; lastKnownFileType = folder.assetcatalog; path = "Preview Assets.xcassets"; sourceTree = "<group>"; };
		8E056E28279B1E1300A2EB4B /* PlayAnimationView.swift */ = {isa = PBXFileReference; lastKnownFileType = sourcecode.swift; path = PlayAnimationView.swift; sourceTree = "<group>"; };
		8E056E2A279B1E3800A2EB4B /* ItemGraphicView.swift */ = {isa = PBXFileReference; lastKnownFileType = sourcecode.swift; path = ItemGraphicView.swift; sourceTree = "<group>"; };
/* End PBXFileReference section */

/* Begin PBXFrameworksBuildPhase section */
		8E056E14279B1DDB00A2EB4B /* Frameworks */ = {
			isa = PBXFrameworksBuildPhase;
			buildActionMask = 2147483647;
			files = (
			);
			runOnlyForDeploymentPostprocessing = 0;
		};
/* End PBXFrameworksBuildPhase section */

/* Begin PBXGroup section */
		8E056E0E279B1DDB00A2EB4B = {
			isa = PBXGroup;
			children = (
				8E056E19279B1DDB00A2EB4B /* GraphicAndAnimationSwiftUI */,
				8E056E18279B1DDB00A2EB4B /* Products */,
			);
			sourceTree = "<group>";
		};
		8E056E18279B1DDB00A2EB4B /* Products */ = {
			isa = PBXGroup;
			children = (
				8E056E17279B1DDB00A2EB4B /* GraphicAndAnimationSwiftUI.app */,
			);
			name = Products;
			sourceTree = "<group>";
		};
		8E056E19279B1DDB00A2EB4B /* GraphicAndAnimationSwiftUI */ = {
			isa = PBXGroup;
			children = (
				8E056E1A279B1DDB00A2EB4B /* GraphicAndAnimationSwiftUIApp.swift */,
				8E056E1C279B1DDB00A2EB4B /* ContentView.swift */,
				8E056E28279B1E1300A2EB4B /* PlayAnimationView.swift */,
				8E056E2A279B1E3800A2EB4B /* ItemGraphicView.swift */,
				8E056E1E279B1DDC00A2EB4B /* Assets.xcassets */,
				8E056E20279B1DDC00A2EB4B /* Preview Content */,
			);
			path = GraphicAndAnimationSwiftUI;
			sourceTree = "<group>";
		};
		8E056E20279B1DDC00A2EB4B /* Preview Content */ = {
			isa = PBXGroup;
			children = (
				8E056E21279B1DDC00A2EB4B /* Preview Assets.xcassets */,
			);
			path = "Preview Content";
			sourceTree = "<group>";
		};
/* End PBXGroup section */

/* Begin PBXNativeTarget section */
		8E056E16279B1DDB00A2EB4B /* GraphicAndAnimationSwiftUI */ = {
			isa = PBXNativeTarget;
			buildConfigurationList = 8E056E25279B1DDC00A2EB4B /* Build configuration list for PBXNativeTarget "GraphicAndAnimationSwiftUI" */;
			buildPhases = (
				8E056E13279B1DDB00A2EB4B /* Sources */,
				8E056E14279B1DDB00A2EB4B /* Frameworks */,
				8E056E15279B1DDB00A2EB4B /* Resources */,
			);
			buildRules = (
			);
			dependencies = (
			);
			name = GraphicAndAnimationSwiftUI;
			productName = GraphicAndAnimationSwiftUI;
			productReference = 8E056E17279B1DDB00A2EB4B /* GraphicAndAnimationSwiftUI.app */;
			productType = "com.apple.product-type.application";
		};
/* End PBXNativeTarget section */

/* Begin PBXProject section */
		8E056E0F279B1DDB00A2EB4B /* Project object */ = {
			isa = PBXProject;
			attributes = {
				BuildIndependentTargetsInParallel = 1;
				LastSwiftUpdateCheck = 1310;
				LastUpgradeCheck = 1310;
				TargetAttributes = {
					8E056E16279B1DDB00A2EB4B = {
						CreatedOnToolsVersion = 13.1;
					};
				};
			};
			buildConfigurationList = 8E056E12279B1DDB00A2EB4B /* Build configuration list for PBXProject "GraphicAndAnimationSwiftUI" */;
			compatibilityVersion = "Xcode 13.0";
			developmentRegion = en;
			hasScannedForEncodings = 0;
			knownRegions = (
				en,
				Base,
			);
			mainGroup = 8E056E0E279B1DDB00A2EB4B;
			productRefGroup = 8E056E18279B1DDB00A2EB4B /* Products */;
			projectDirPath = "";
			projectRoot = "";
			targets = (
				8E056E16279B1DDB00A2EB4B /* GraphicAndAnimationSwiftUI */,
			);
		};
/* End PBXProject section */

/* Begin PBXResourcesBuildPhase section */
		8E056E15279B1DDB00A2EB4B /* Resources */ = {
			isa = PBXResourcesBuildPhase;
			buildActionMask = 2147483647;
			files = (
				8E056E22279B1DDC00A2EB4B /* Preview Assets.xcassets in Resources */,
				8E056E1F279B1DDC00A2EB4B /* Assets.xcassets in Resources */,
			);
			runOnlyForDeploymentPostprocessing = 0;
		};
/* End PBXResourcesBuildPhase section */

/* Begin PBXSourcesBuildPhase section */
		8E056E13279B1DDB00A2EB4B /* Sources */ = {
			isa = PBXSourcesBuildPhase;
			buildActionMask = 2147483647;
			files = (
				8E056E2B279B1E3800A2EB4B /* ItemGraphicView.swift in Sources */,
				8E056E29279B1E1300A2EB4B /* PlayAnimationView.swift in Sources */,
				8E056E1D279B1DDB00A2EB4B /* ContentView.swift in Sources */,
				8E056E1B279B1DDB00A2EB4B /* GraphicAndAnimationSwiftUIApp.swift in Sources */,
			);
			runOnlyForDeploymentPostprocessing = 0;
		};
/* End PBXSourcesBuildPhase section */

/* Begin XCBuildConfiguration section */
		8E056E23279B1DDC00A2EB4B /* Debug */ = {
			isa = XCBuildConfiguration;
			buildSettings = {
				ALWAYS_SEARCH_USER_PATHS = NO;
				CLANG_ANALYZER_NONNULL = YES;
				CLANG_ANALYZER_NUMBER_OBJECT_CONVERSION = YES_AGGRESSIVE;
				CLANG_CXX_LANGUAGE_STANDARD = "gnu++17";
				CLANG_CXX_LIBRARY = "libc++";
				CLANG_ENABLE_MODULES = YES;
				CLANG_ENABLE_OBJC_ARC = YES;
				CLANG_ENABLE_OBJC_WEAK = YES;
				CLANG_WARN_BLOCK_CAPTURE_AUTORELEASING = YES;
				CLANG_WARN_BOOL_CONVERSION = YES;
				CLANG_WARN_COMMA = YES;
				CLANG_WARN_CONSTANT_CONVERSION = YES;
				CLANG_WARN_DEPRECATED_OBJC_IMPLEMENTATIONS = YES;
				CLANG_WARN_DIRECT_OBJC_ISA_USAGE = YES_ERROR;
				CLANG_WARN_DOCUMENTATION_COMMENTS = YES;
				CLANG_WARN_EMPTY_BODY = YES;
				CLANG_WARN_ENUM_CONVERSION = YES;
				CLANG_WARN_INFINITE_RECURSION = YES;
				CLANG_WARN_INT_CONVERSION = YES;
				CLANG_WARN_NON_LITERAL_NULL_CONVERSION = YES;
				CLANG_WARN_OBJC_IMPLICIT_RETAIN_SELF = YES;
				CLANG_WARN_OBJC_LITERAL_CONVERSION = YES;
				CLANG_WARN_OBJC_ROOT_CLASS = YES_ERROR;
				CLANG_WARN_QUOTED_INCLUDE_IN_FRAMEWORK_HEADER = YES;
				CLANG_WARN_RANGE_LOOP_ANALYSIS = YES;
				CLANG_WARN_STRICT_PROTOTYPES = YES;
				CLANG_WARN_SUSPICIOUS_MOVE = YES;
				CLANG_WARN_UNGUARDED_AVAILABILITY = YES_AGGRESSIVE;
				CLANG_WARN_UNREACHABLE_CODE = YES;
				CLANG_WARN__DUPLICATE_METHOD_MATCH = YES;
				COPY_PHASE_STRIP = NO;
				DEBUG_INFORMATION_FORMAT = dwarf;
				ENABLE_STRICT_OBJC_MSGSEND = YES;
				ENABLE_TESTABILITY = YES;
				GCC_C_LANGUAGE_STANDARD = gnu11;
				GCC_DYNAMIC_NO_PIC = NO;
				GCC_NO_COMMON_BLOCKS = YES;
				GCC_OPTIMIZATION_LEVEL = 0;
				GCC_PREPROCESSOR_DEFINITIONS = (
					"DEBUG=1",
					"$(inherited)",
				);
				GCC_WARN_64_TO_32_BIT_CONVERSION = YES;
				GCC_WARN_ABOUT_RETURN_TYPE = YES_ERROR;
				GCC_WARN_UNDECLARED_SELECTOR = YES;
				GCC_WARN_UNINITIALIZED_AUTOS = YES_AGGRESSIVE;
				GCC_WARN_UNUSED_FUNCTION = YES;
				GCC_WARN_UNUSED_VARIABLE = YES;
				IPHONEOS_DEPLOYMENT_TARGET = 15.0;
				MTL_ENABLE_DEBUG_INFO = INCLUDE_SOURCE;
				MTL_FAST_MATH = YES;
				ONLY_ACTIVE_ARCH = YES;
				SDKROOT = iphoneos;
				SWIFT_ACTIVE_COMPILATION_CONDITIONS = DEBUG;
				SWIFT_OPTIMIZATION_LEVEL = "-Onone";
			};
			name = Debug;
		};
		8E056E24279B1DDC00A2EB4B /* Release */ = {
			isa = XCBuildConfiguration;
			buildSettings = {
				ALWAYS_SEARCH_USER_PATHS = NO;
				CLANG_ANALYZER_NONNULL = YES;
				CLANG_ANALYZER_NUMBER_OBJECT_CONVERSION = YES_AGGRESSIVE;
				CLANG_CXX_LANGUAGE_STANDARD = "gnu++17";
				CLANG_CXX_LIBRARY = "libc++";
				CLANG_ENABLE_MODULES = YES;
				CLANG_ENABLE_OBJC_ARC = YES;
				CLANG_ENABLE_OBJC_WEAK = YES;
				CLANG_WARN_BLOCK_CAPTURE_AUTORELEASING = YES;
				CLANG_WARN_BOOL_CONVERSION = YES;
				CLANG_WARN_COMMA = YES;
				CLANG_WARN_CONSTANT_CONVERSION = YES;
				CLANG_WARN_DEPRECATED_OBJC_IMPLEMENTATIONS = YES;
				CLANG_WARN_DIRECT_OBJC_ISA_USAGE = YES_ERROR;
				CLANG_WARN_DOCUMENTATION_COMMENTS = YES;
				CLANG_WARN_EMPTY_BODY = YES;
				CLANG_WARN_ENUM_CONVERSION = YES;
				CLANG_WARN_INFINITE_RECURSION = YES;
				CLANG_WARN_INT_CONVERSION = YES;
				CLANG_WARN_NON_LITERAL_NULL_CONVERSION = YES;
				CLANG_WARN_OBJC_IMPLICIT_RETAIN_SELF = YES;
				CLANG_WARN_OBJC_LITERAL_CONVERSION = YES;
				CLANG_WARN_OBJC_ROOT_CLASS = YES_ERROR;
				CLANG_WARN_QUOTED_INCLUDE_IN_FRAMEWORK_HEADER = YES;
				CLANG_WARN_RANGE_LOOP_ANALYSIS = YES;
				CLANG_WARN_STRICT_PROTOTYPES = YES;
				CLANG_WARN_SUSPICIOUS_MOVE = YES;
				CLANG_WARN_UNGUARDED_AVAILABILITY = YES_AGGRESSIVE;
				CLANG_WARN_UNREACHABLE_CODE = YES;
				CLANG_WARN__DUPLICATE_METHOD_MATCH = YES;
				COPY_PHASE_STRIP = NO;
				DEBUG_INFORMATION_FORMAT = "dwarf-with-dsym";
				ENABLE_NS_ASSERTIONS = NO;
				ENABLE_STRICT_OBJC_MSGSEND = YES;
				GCC_C_LANGUAGE_STANDARD = gnu11;
				GCC_NO_COMMON_BLOCKS = YES;
				GCC_WARN_64_TO_32_BIT_CONVERSION = YES;
				GCC_WARN_ABOUT_RETURN_TYPE = YES_ERROR;
				GCC_WARN_UNDECLARED_SELECTOR = YES;
				GCC_WARN_UNINITIALIZED_AUTOS = YES_AGGRESSIVE;
				GCC_WARN_UNUSED_FUNCTION = YES;
				GCC_WARN_UNUSED_VARIABLE = YES;
				IPHONEOS_DEPLOYMENT_TARGET = 15.0;
				MTL_ENABLE_DEBUG_INFO = NO;
				MTL_FAST_MATH = YES;
				SDKROOT = iphoneos;
				SWIFT_COMPILATION_MODE = wholemodule;
				SWIFT_OPTIMIZATION_LEVEL = "-O";
				VALIDATE_PRODUCT = YES;
			};
			name = Release;
		};
		8E056E26279B1DDC00A2EB4B /* Debug */ = {
			isa = XCBuildConfiguration;
			buildSettings = {
				ASSETCATALOG_COMPILER_APPICON_NAME = AppIcon;
				ASSETCATALOG_COMPILER_GLOBAL_ACCENT_COLOR_NAME = AccentColor;
				CODE_SIGN_STYLE = Automatic;
				CURRENT_PROJECT_VERSION = 1;
				DEVELOPMENT_ASSET_PATHS = "\"GraphicAndAnimationSwiftUI/Preview Content\"";
				DEVELOPMENT_TEAM = L9WQ2FGRF6;
				ENABLE_PREVIEWS = YES;
				GENERATE_INFOPLIST_FILE = YES;
				INFOPLIST_KEY_UIApplicationSceneManifest_Generation = YES;
				INFOPLIST_KEY_UIApplicationSupportsIndirectInputEvents = YES;
				INFOPLIST_KEY_UILaunchScreen_Generation = YES;
				INFOPLIST_KEY_UISupportedInterfaceOrientations_iPad = "UIInterfaceOrientationPortrait UIInterfaceOrientationPortraitUpsideDown UIInterfaceOrientationLandscapeLeft UIInterfaceOrientationLandscapeRight";
				INFOPLIST_KEY_UISupportedInterfaceOrientations_iPhone = "UIInterfaceOrientationPortrait UIInterfaceOrientationLandscapeLeft UIInterfaceOrientationLandscapeRight";
				LD_RUNPATH_SEARCH_PATHS = (
					"$(inherited)",
					"@executable_path/Frameworks",
				);
				MARKETING_VERSION = 1.0;
				PRODUCT_BUNDLE_IDENTIFIER = "Igor-Sysoev.GraphicAndAnimationSwiftUI";
				PRODUCT_NAME = "$(TARGET_NAME)";
				SWIFT_EMIT_LOC_STRINGS = YES;
				SWIFT_VERSION = 5.0;
				TARGETED_DEVICE_FAMILY = "1,2";
			};
			name = Debug;
		};
		8E056E27279B1DDC00A2EB4B /* Release */ = {
			isa = XCBuildConfiguration;
			buildSettings = {
				ASSETCATALOG_COMPILER_APPICON_NAME = AppIcon;
				ASSETCATALOG_COMPILER_GLOBAL_ACCENT_COLOR_NAME = AccentColor;
				CODE_SIGN_STYLE = Automatic;
				CURRENT_PROJECT_VERSION = 1;
				DEVELOPMENT_ASSET_PATHS = "\"GraphicAndAnimationSwiftUI/Preview Content\"";
				DEVELOPMENT_TEAM = L9WQ2FGRF6;
				ENABLE_PREVIEWS = YES;
				GENERATE_INFOPLIST_FILE = YES;
				INFOPLIST_KEY_UIApplicationSceneManifest_Generation = YES;
				INFOPLIST_KEY_UIApplicationSupportsIndirectInputEvents = YES;
				INFOPLIST_KEY_UILaunchScreen_Generation = YES;
				INFOPLIST_KEY_UISupportedInterfaceOrientations_iPad = "UIInterfaceOrientationPortrait UIInterfaceOrientationPortraitUpsideDown UIInterfaceOrientationLandscapeLeft UIInterfaceOrientationLandscapeRight";
				INFOPLIST_KEY_UISupportedInterfaceOrientations_iPhone = "UIInterfaceOrientationPortrait UIInterfaceOrientationLandscapeLeft UIInterfaceOrientationLandscapeRight";
				LD_RUNPATH_SEARCH_PATHS = (
					"$(inherited)",
					"@executable_path/Frameworks",
				);
				MARKETING_VERSION = 1.0;
				PRODUCT_BUNDLE_IDENTIFIER = "Igor-Sysoev.GraphicAndAnimationSwiftUI";
				PRODUCT_NAME = "$(TARGET_NAME)";
				SWIFT_EMIT_LOC_STRINGS = YES;
				SWIFT_VERSION = 5.0;
				TARGETED_DEVICE_FAMILY = "1,2";
			};
			name = Release;
		};
/* End XCBuildConfiguration section */

/* Begin XCConfigurationList section */
		8E056E12279B1DDB00A2EB4B /* Build configuration list for PBXProject "GraphicAndAnimationSwiftUI" */ = {
			isa = XCConfigurationList;
			buildConfigurations = (
				8E056E23279B1DDC00A2EB4B /* Debug */,
				8E056E24279B1DDC00A2EB4B /* Release */,
			);
			defaultConfigurationIsVisible = 0;
			defaultConfigurationName = Release;
		};
		8E056E25279B1DDC00A2EB4B /* Build configuration list for PBXNativeTarget "GraphicAndAnimationSwiftUI" */ = {
			isa = XCConfigurationList;
			buildConfigurations = (
				8E056E26279B1DDC00A2EB4B /* Debug */,
				8E056E27279B1DDC00A2EB4B /* Release */,
			);
			defaultConfigurationIsVisible = 0;
			defaultConfigurationName = Release;
		};
/* End XCConfigurationList section */
	};
	rootObject = 8E056E0F279B1DDB00A2EB4B /* Project object */;
}
